
Microsoft Visual Studio Solution File, Format Version 12.00
# Visual Studio Version 17
VisualStudioVersion = 17.6.33712.159
MinimumVisualStudioVersion = 10.0.40219.1
Project("{9A19103F-16F7-4668-BE54-9A1E7A4F7556}") = "HtmlGenerator", "HtmlGenerator.csproj", "{890FD7A4-2DD6-4CA2-9862-CF3A11EEA22D}"
EndProject
Global
	GlobalSection(SolutionConfigurationPlatforms) = preSolution
		Debug|Any CPU = Debug|Any CPU
		Release|Any CPU = Release|Any CPU
	EndGlobalSection
	GlobalSection(ProjectConfigurationPlatforms) = postSolution
		{890FD7A4-2DD6-4CA2-9862-CF3A11EEA22D}.Debug|Any CPU.ActiveCfg = Debug|Any CPU
		{890FD7A4-2DD6-4CA2-9862-CF3A11EEA22D}.Debug|Any CPU.Build.0 = Debug|Any CPU
		{890FD7A4-2DD6-4CA2-9862-CF3A11EEA22D}.Release|Any CPU.ActiveCfg = Release|Any CPU
		{890FD7A4-2DD6-4CA2-9862-CF3A11EEA22D}.Release|Any CPU.Build.0 = Release|Any CPU
	EndGlobalSection
	GlobalSection(SolutionProperties) = preSolution
		HideSolutionNode = FALSE
	EndGlobalSection
	GlobalSection(ExtensibilityGlobals) = postSolution
		SolutionGuid = {9F12E0A7-520A-48AB-A8AF-704AB9AF1218}
	EndGlobalSection
EndGlobal
